
Microsoft Visual Studio Solution File, Format Version 12.00
# Visual Studio Version 17
VisualStudioVersion = 17.3.32804.467
MinimumVisualStudioVersion = 10.0.40219.1
Project("{2150E333-8FDC-42A3-9474-1A3956D46DE8}") = "Day", "Day", "{EC6B35F8-D4F9-43A9-82C7-95D08AAB7E72}"
EndProject
Project("{9A19103F-16F7-4668-BE54-9A1E7A4F7556}") = "AdventOfCode2022.Common", "AdventOfCode2022.Common\AdventOfCode2022.Common.csproj", "{F5514C61-EB78-4A25-AA0A-BDD9EADD55B4}"
EndProject
Project("{9A19103F-16F7-4668-BE54-9A1E7A4F7556}") = "AdventOfCode2022.Runner", "AdventOfCode2022.Runner\AdventOfCode2022.Runner.csproj", "{352BBD83-2D5C-43CC-867E-948BE19A7583}"
EndProject
Project("{9A19103F-16F7-4668-BE54-9A1E7A4F7556}") = "AdventOfCode2022.Day.01", "AdventOfCode2022.Day.01\AdventOfCode2022.Day.01.csproj", "{3C9E0D69-CB31-4D2E-A6C1-9F940AE5A54B}"
EndProject
Project("{9A19103F-16F7-4668-BE54-9A1E7A4F7556}") = "AdventOfCode2022.Day.02", "AdventOfCode2022.Day.02\AdventOfCode2022.Day.02.csproj", "{9EFE7A13-B1EB-4F40-842B-A5AD6B7DEFA8}"
EndProject
Project("{9A19103F-16F7-4668-BE54-9A1E7A4F7556}") = "AdventOfCode2022.Day.03", "AdventOfCode2022.Day.03\AdventOfCode2022.Day.03.csproj", "{D6F69C66-51BB-468D-9C98-FB842C7C4388}"
EndProject
Project("{9A19103F-16F7-4668-BE54-9A1E7A4F7556}") = "AdventOfCode2022.Day.04", "AdventOfCode2022.Day.04\AdventOfCode2022.Day.04.csproj", "{5ECC7703-57DD-4D84-820F-C866E86AE43C}"
EndProject
Project("{9A19103F-16F7-4668-BE54-9A1E7A4F7556}") = "AdventOfCode2022.Day.05", "AdventOfCode2022.Day.05\AdventOfCode2022.Day.05.csproj", "{B4175808-78E7-4A3D-98AE-F30335B99747}"
EndProject
Project("{9A19103F-16F7-4668-BE54-9A1E7A4F7556}") = "AdventOfCode2022.Day.06", "AdventOfCode2022.Day.06\AdventOfCode2022.Day.06.csproj", "{99583198-011D-4CAE-9770-C4BB3613D472}"
EndProject
Project("{9A19103F-16F7-4668-BE54-9A1E7A4F7556}") = "AdventOfCode2022.Day.07", "AdventOfCode2022.Day.07\AdventOfCode2022.Day.07.csproj", "{8EFF9699-B0B6-4184-AD25-33893B8B912A}"
EndProject
Project("{9A19103F-16F7-4668-BE54-9A1E7A4F7556}") = "AdventOfCode2022.Day.08", "AdventOfCode2022.Day.08\AdventOfCode2022.Day.08.csproj", "{73BDF0C7-4655-4D5F-9B15-2B1F3E36EEF8}"
EndProject
Project("{9A19103F-16F7-4668-BE54-9A1E7A4F7556}") = "AdventOfCode2022.Day.09", "AdventOfCode2022.Day.09\AdventOfCode2022.Day.09.csproj", "{734045CA-1DFE-4AD4-A92C-542DC94F0750}"
EndProject
Project("{FAE04EC0-301F-11D3-BF4B-00C04F79EFBC}") = "AdventOfCode2022.Tests", "AdventOfCode2022.Tests\AdventOfCode2022.Tests.csproj", "{BD307D0E-D557-4C83-87C8-7BDE740D8D5D}"
EndProject
Project("{9A19103F-16F7-4668-BE54-9A1E7A4F7556}") = "AdventOfCode2022.Day.10", "AdventOfCode2022.Day.10\AdventOfCode2022.Day.10.csproj", "{080ADB22-1BA7-4097-BAEB-2AB156E0E1D4}"
EndProject
Global
	GlobalSection(SolutionConfigurationPlatforms) = preSolution
		Debug|Any CPU = Debug|Any CPU
		Release|Any CPU = Release|Any CPU
	EndGlobalSection
	GlobalSection(ProjectConfigurationPlatforms) = postSolution
		{F5514C61-EB78-4A25-AA0A-BDD9EADD55B4}.Debug|Any CPU.ActiveCfg = Debug|Any CPU
		{F5514C61-EB78-4A25-AA0A-BDD9EADD55B4}.Debug|Any CPU.Build.0 = Debug|Any CPU
		{F5514C61-EB78-4A25-AA0A-BDD9EADD55B4}.Release|Any CPU.ActiveCfg = Release|Any CPU
		{F5514C61-EB78-4A25-AA0A-BDD9EADD55B4}.Release|Any CPU.Build.0 = Release|Any CPU
		{352BBD83-2D5C-43CC-867E-948BE19A7583}.Debug|Any CPU.ActiveCfg = Debug|Any CPU
		{352BBD83-2D5C-43CC-867E-948BE19A7583}.Debug|Any CPU.Build.0 = Debug|Any CPU
		{352BBD83-2D5C-43CC-867E-948BE19A7583}.Release|Any CPU.ActiveCfg = Release|Any CPU
		{352BBD83-2D5C-43CC-867E-948BE19A7583}.Release|Any CPU.Build.0 = Release|Any CPU
		{3C9E0D69-CB31-4D2E-A6C1-9F940AE5A54B}.Debug|Any CPU.ActiveCfg = Debug|Any CPU
		{3C9E0D69-CB31-4D2E-A6C1-9F940AE5A54B}.Debug|Any CPU.Build.0 = Debug|Any CPU
		{3C9E0D69-CB31-4D2E-A6C1-9F940AE5A54B}.Release|Any CPU.ActiveCfg = Release|Any CPU
		{3C9E0D69-CB31-4D2E-A6C1-9F940AE5A54B}.Release|Any CPU.Build.0 = Release|Any CPU
		{9EFE7A13-B1EB-4F40-842B-A5AD6B7DEFA8}.Debug|Any CPU.ActiveCfg = Debug|Any CPU
		{9EFE7A13-B1EB-4F40-842B-A5AD6B7DEFA8}.Debug|Any CPU.Build.0 = Debug|Any CPU
		{9EFE7A13-B1EB-4F40-842B-A5AD6B7DEFA8}.Release|Any CPU.ActiveCfg = Release|Any CPU
		{9EFE7A13-B1EB-4F40-842B-A5AD6B7DEFA8}.Release|Any CPU.Build.0 = Release|Any CPU
		{D6F69C66-51BB-468D-9C98-FB842C7C4388}.Debug|Any CPU.ActiveCfg = Debug|Any CPU
		{D6F69C66-51BB-468D-9C98-FB842C7C4388}.Debug|Any CPU.Build.0 = Debug|Any CPU
		{D6F69C66-51BB-468D-9C98-FB842C7C4388}.Release|Any CPU.ActiveCfg = Release|Any CPU
		{D6F69C66-51BB-468D-9C98-FB842C7C4388}.Release|Any CPU.Build.0 = Release|Any CPU
		{5ECC7703-57DD-4D84-820F-C866E86AE43C}.Debug|Any CPU.ActiveCfg = Debug|Any CPU
		{5ECC7703-57DD-4D84-820F-C866E86AE43C}.Debug|Any CPU.Build.0 = Debug|Any CPU
		{5ECC7703-57DD-4D84-820F-C866E86AE43C}.Release|Any CPU.ActiveCfg = Release|Any CPU
		{5ECC7703-57DD-4D84-820F-C866E86AE43C}.Release|Any CPU.Build.0 = Release|Any CPU
		{B4175808-78E7-4A3D-98AE-F30335B99747}.Debug|Any CPU.ActiveCfg = Debug|Any CPU
		{B4175808-78E7-4A3D-98AE-F30335B99747}.Debug|Any CPU.Build.0 = Debug|Any CPU
		{B4175808-78E7-4A3D-98AE-F30335B99747}.Release|Any CPU.ActiveCfg = Release|Any CPU
		{B4175808-78E7-4A3D-98AE-F30335B99747}.Release|Any CPU.Build.0 = Release|Any CPU
		{99583198-011D-4CAE-9770-C4BB3613D472}.Debug|Any CPU.ActiveCfg = Debug|Any CPU
		{99583198-011D-4CAE-9770-C4BB3613D472}.Debug|Any CPU.Build.0 = Debug|Any CPU
		{99583198-011D-4CAE-9770-C4BB3613D472}.Release|Any CPU.ActiveCfg = Release|Any CPU
		{99583198-011D-4CAE-9770-C4BB3613D472}.Release|Any CPU.Build.0 = Release|Any CPU
		{8EFF9699-B0B6-4184-AD25-33893B8B912A}.Debug|Any CPU.ActiveCfg = Debug|Any CPU
		{8EFF9699-B0B6-4184-AD25-33893B8B912A}.Debug|Any CPU.Build.0 = Debug|Any CPU
		{8EFF9699-B0B6-4184-AD25-33893B8B912A}.Release|Any CPU.ActiveCfg = Release|Any CPU
		{8EFF9699-B0B6-4184-AD25-33893B8B912A}.Release|Any CPU.Build.0 = Release|Any CPU
		{73BDF0C7-4655-4D5F-9B15-2B1F3E36EEF8}.Debug|Any CPU.ActiveCfg = Debug|Any CPU
		{73BDF0C7-4655-4D5F-9B15-2B1F3E36EEF8}.Debug|Any CPU.Build.0 = Debug|Any CPU
		{73BDF0C7-4655-4D5F-9B15-2B1F3E36EEF8}.Release|Any CPU.ActiveCfg = Release|Any CPU
		{73BDF0C7-4655-4D5F-9B15-2B1F3E36EEF8}.Release|Any CPU.Build.0 = Release|Any CPU
		{734045CA-1DFE-4AD4-A92C-542DC94F0750}.Debug|Any CPU.ActiveCfg = Debug|Any CPU
		{734045CA-1DFE-4AD4-A92C-542DC94F0750}.Debug|Any CPU.Build.0 = Debug|Any CPU
		{734045CA-1DFE-4AD4-A92C-542DC94F0750}.Release|Any CPU.ActiveCfg = Release|Any CPU
		{734045CA-1DFE-4AD4-A92C-542DC94F0750}.Release|Any CPU.Build.0 = Release|Any CPU
		{BD307D0E-D557-4C83-87C8-7BDE740D8D5D}.Debug|Any CPU.ActiveCfg = Debug|Any CPU
		{BD307D0E-D557-4C83-87C8-7BDE740D8D5D}.Debug|Any CPU.Build.0 = Debug|Any CPU
		{BD307D0E-D557-4C83-87C8-7BDE740D8D5D}.Release|Any CPU.ActiveCfg = Release|Any CPU
		{BD307D0E-D557-4C83-87C8-7BDE740D8D5D}.Release|Any CPU.Build.0 = Release|Any CPU
		{080ADB22-1BA7-4097-BAEB-2AB156E0E1D4}.Debug|Any CPU.ActiveCfg = Debug|Any CPU
		{080ADB22-1BA7-4097-BAEB-2AB156E0E1D4}.Debug|Any CPU.Build.0 = Debug|Any CPU
		{080ADB22-1BA7-4097-BAEB-2AB156E0E1D4}.Release|Any CPU.ActiveCfg = Release|Any CPU
		{080ADB22-1BA7-4097-BAEB-2AB156E0E1D4}.Release|Any CPU.Build.0 = Release|Any CPU
	EndGlobalSection
	GlobalSection(SolutionProperties) = preSolution
		HideSolutionNode = FALSE
	EndGlobalSection
	GlobalSection(NestedProjects) = preSolution
		{3C9E0D69-CB31-4D2E-A6C1-9F940AE5A54B} = {EC6B35F8-D4F9-43A9-82C7-95D08AAB7E72}
		{9EFE7A13-B1EB-4F40-842B-A5AD6B7DEFA8} = {EC6B35F8-D4F9-43A9-82C7-95D08AAB7E72}
		{D6F69C66-51BB-468D-9C98-FB842C7C4388} = {EC6B35F8-D4F9-43A9-82C7-95D08AAB7E72}
		{5ECC7703-57DD-4D84-820F-C866E86AE43C} = {EC6B35F8-D4F9-43A9-82C7-95D08AAB7E72}
		{B4175808-78E7-4A3D-98AE-F30335B99747} = {EC6B35F8-D4F9-43A9-82C7-95D08AAB7E72}
		{99583198-011D-4CAE-9770-C4BB3613D472} = {EC6B35F8-D4F9-43A9-82C7-95D08AAB7E72}
		{8EFF9699-B0B6-4184-AD25-33893B8B912A} = {EC6B35F8-D4F9-43A9-82C7-95D08AAB7E72}
		{73BDF0C7-4655-4D5F-9B15-2B1F3E36EEF8} = {EC6B35F8-D4F9-43A9-82C7-95D08AAB7E72}
		{734045CA-1DFE-4AD4-A92C-542DC94F0750} = {EC6B35F8-D4F9-43A9-82C7-95D08AAB7E72}
		{080ADB22-1BA7-4097-BAEB-2AB156E0E1D4} = {EC6B35F8-D4F9-43A9-82C7-95D08AAB7E72}
	EndGlobalSection
	GlobalSection(ExtensibilityGlobals) = postSolution
		SolutionGuid = {6C1DD402-96D0-4E84-9425-2822149A3A8B}
	EndGlobalSection
EndGlobal
